
Microsoft Visual Studio Solution File, Format Version 12.00
# Visual Studio Version 16
VisualStudioVersion = 16.0.29230.47
MinimumVisualStudioVersion = 10.0.40219.1
Project("{FAE04EC0-301F-11D3-BF4B-00C04F79EFBC}") = "LentMoneyAPI", "LentMoneyAPI\LentMoneyAPI.csproj", "{0D08DB65-0ECD-4222-A6D0-6920185F4D6F}"
EndProject
Global
	GlobalSection(SolutionConfigurationPlatforms) = preSolution
		Debug|Any CPU = Debug|Any CPU
		Release|Any CPU = Release|Any CPU
	EndGlobalSection
	GlobalSection(ProjectConfigurationPlatforms) = postSolution
		{0D08DB65-0ECD-4222-A6D0-6920185F4D6F}.Debug|Any CPU.ActiveCfg = Debug|Any CPU
		{0D08DB65-0ECD-4222-A6D0-6920185F4D6F}.Debug|Any CPU.Build.0 = Debug|Any CPU
		{0D08DB65-0ECD-4222-A6D0-6920185F4D6F}.Release|Any CPU.ActiveCfg = Release|Any CPU
		{0D08DB65-0ECD-4222-A6D0-6920185F4D6F}.Release|Any CPU.Build.0 = Release|Any CPU
	EndGlobalSection
	GlobalSection(SolutionProperties) = preSolution
		HideSolutionNode = FALSE
	EndGlobalSection
	GlobalSection(ExtensibilityGlobals) = postSolution
		SolutionGuid = {80F0E858-09D5-4729-A52A-110B77CDFA4D}
	EndGlobalSection
EndGlobal
